
Microsoft Visual Studio Solution File, Format Version 12.00
# Visual Studio Version 17
VisualStudioVersion = 17.3.32901.215
MinimumVisualStudioVersion = 10.0.40219.1
Project("{FAE04EC0-301F-11D3-BF4B-00C04F79EFBC}") = "Switch1", "Switch1\Switch1.csproj", "{9ECBE8A4-B6D1-4886-B2E3-F11F749F6C3C}"
EndProject
Global
	GlobalSection(SolutionConfigurationPlatforms) = preSolution
		Debug|Any CPU = Debug|Any CPU
		Release|Any CPU = Release|Any CPU
	EndGlobalSection
	GlobalSection(ProjectConfigurationPlatforms) = postSolution
		{9ECBE8A4-B6D1-4886-B2E3-F11F749F6C3C}.Debug|Any CPU.ActiveCfg = Debug|Any CPU
		{9ECBE8A4-B6D1-4886-B2E3-F11F749F6C3C}.Debug|Any CPU.Build.0 = Debug|Any CPU
		{9ECBE8A4-B6D1-4886-B2E3-F11F749F6C3C}.Release|Any CPU.ActiveCfg = Release|Any CPU
		{9ECBE8A4-B6D1-4886-B2E3-F11F749F6C3C}.Release|Any CPU.Build.0 = Release|Any CPU
	EndGlobalSection
	GlobalSection(SolutionProperties) = preSolution
		HideSolutionNode = FALSE
	EndGlobalSection
	GlobalSection(ExtensibilityGlobals) = postSolution
		SolutionGuid = {0B8404B7-4AB2-475F-AFB1-9C680EB3A9EC}
	EndGlobalSection
EndGlobal
