
Microsoft Visual Studio Solution File, Format Version 12.00
# Visual Studio Version 17
VisualStudioVersion = 17.3.32901.215
MinimumVisualStudioVersion = 10.0.40219.1
Project("{FAE04EC0-301F-11D3-BF4B-00C04F79EFBC}") = "Menus1", "Menus1\Menus1.csproj", "{784A4438-9F54-4BBF-BB48-6E6EC35D3089}"
EndProject
Global
	GlobalSection(SolutionConfigurationPlatforms) = preSolution
		Debug|Any CPU = Debug|Any CPU
		Release|Any CPU = Release|Any CPU
	EndGlobalSection
	GlobalSection(ProjectConfigurationPlatforms) = postSolution
		{784A4438-9F54-4BBF-BB48-6E6EC35D3089}.Debug|Any CPU.ActiveCfg = Debug|Any CPU
		{784A4438-9F54-4BBF-BB48-6E6EC35D3089}.Debug|Any CPU.Build.0 = Debug|Any CPU
		{784A4438-9F54-4BBF-BB48-6E6EC35D3089}.Release|Any CPU.ActiveCfg = Release|Any CPU
		{784A4438-9F54-4BBF-BB48-6E6EC35D3089}.Release|Any CPU.Build.0 = Release|Any CPU
	EndGlobalSection
	GlobalSection(SolutionProperties) = preSolution
		HideSolutionNode = FALSE
	EndGlobalSection
	GlobalSection(ExtensibilityGlobals) = postSolution
		SolutionGuid = {3B5B909A-7D3F-4DAB-BB1E-A5DFE9C9CFC7}
	EndGlobalSection
EndGlobal
