
Microsoft Visual Studio Solution File, Format Version 12.00
# Visual Studio Version 17
VisualStudioVersion = 17.3.32901.215
MinimumVisualStudioVersion = 10.0.40219.1
Project("{FAE04EC0-301F-11D3-BF4B-00C04F79EFBC}") = "ForLoop1", "ForLoop1\ForLoop1.csproj", "{02D40045-4C50-427D-8662-9D45A2CB44D0}"
EndProject
Global
	GlobalSection(SolutionConfigurationPlatforms) = preSolution
		Debug|Any CPU = Debug|Any CPU
		Release|Any CPU = Release|Any CPU
	EndGlobalSection
	GlobalSection(ProjectConfigurationPlatforms) = postSolution
		{02D40045-4C50-427D-8662-9D45A2CB44D0}.Debug|Any CPU.ActiveCfg = Debug|Any CPU
		{02D40045-4C50-427D-8662-9D45A2CB44D0}.Debug|Any CPU.Build.0 = Debug|Any CPU
		{02D40045-4C50-427D-8662-9D45A2CB44D0}.Release|Any CPU.ActiveCfg = Release|Any CPU
		{02D40045-4C50-427D-8662-9D45A2CB44D0}.Release|Any CPU.Build.0 = Release|Any CPU
	EndGlobalSection
	GlobalSection(SolutionProperties) = preSolution
		HideSolutionNode = FALSE
	EndGlobalSection
	GlobalSection(ExtensibilityGlobals) = postSolution
		SolutionGuid = {E5E48E83-2F64-45BD-A644-5D6CE484EEBA}
	EndGlobalSection
EndGlobal
