
Microsoft Visual Studio Solution File, Format Version 12.00
# Visual Studio Version 17
VisualStudioVersion = 17.3.32901.215
MinimumVisualStudioVersion = 10.0.40219.1
Project("{FAE04EC0-301F-11D3-BF4B-00C04F79EFBC}") = "Methods4", "Methods4\Methods4.csproj", "{505380FD-1386-4E16-BFD1-0D7C81255937}"
EndProject
Global
	GlobalSection(SolutionConfigurationPlatforms) = preSolution
		Debug|Any CPU = Debug|Any CPU
		Release|Any CPU = Release|Any CPU
	EndGlobalSection
	GlobalSection(ProjectConfigurationPlatforms) = postSolution
		{505380FD-1386-4E16-BFD1-0D7C81255937}.Debug|Any CPU.ActiveCfg = Debug|Any CPU
		{505380FD-1386-4E16-BFD1-0D7C81255937}.Debug|Any CPU.Build.0 = Debug|Any CPU
		{505380FD-1386-4E16-BFD1-0D7C81255937}.Release|Any CPU.ActiveCfg = Release|Any CPU
		{505380FD-1386-4E16-BFD1-0D7C81255937}.Release|Any CPU.Build.0 = Release|Any CPU
	EndGlobalSection
	GlobalSection(SolutionProperties) = preSolution
		HideSolutionNode = FALSE
	EndGlobalSection
	GlobalSection(ExtensibilityGlobals) = postSolution
		SolutionGuid = {54C63B1D-128B-444B-BAB4-E9771C49D57F}
	EndGlobalSection
EndGlobal
