
Microsoft Visual Studio Solution File, Format Version 12.00
# Visual Studio Version 17
VisualStudioVersion = 17.3.32901.215
MinimumVisualStudioVersion = 10.0.40219.1
Project("{FAE04EC0-301F-11D3-BF4B-00C04F79EFBC}") = "WindowsFormsApp1", "WindowsFormsApp1\WindowsFormsApp1.csproj", "{B6C664D2-8764-4473-A24A-7C30AA88D33E}"
EndProject
Global
	GlobalSection(SolutionConfigurationPlatforms) = preSolution
		Debug|Any CPU = Debug|Any CPU
		Release|Any CPU = Release|Any CPU
	EndGlobalSection
	GlobalSection(ProjectConfigurationPlatforms) = postSolution
		{B6C664D2-8764-4473-A24A-7C30AA88D33E}.Debug|Any CPU.ActiveCfg = Debug|Any CPU
		{B6C664D2-8764-4473-A24A-7C30AA88D33E}.Debug|Any CPU.Build.0 = Debug|Any CPU
		{B6C664D2-8764-4473-A24A-7C30AA88D33E}.Release|Any CPU.ActiveCfg = Release|Any CPU
		{B6C664D2-8764-4473-A24A-7C30AA88D33E}.Release|Any CPU.Build.0 = Release|Any CPU
	EndGlobalSection
	GlobalSection(SolutionProperties) = preSolution
		HideSolutionNode = FALSE
	EndGlobalSection
	GlobalSection(ExtensibilityGlobals) = postSolution
		SolutionGuid = {8B67A27E-C973-47D4-996E-990F4765AC52}
	EndGlobalSection
EndGlobal
