
Microsoft Visual Studio Solution File, Format Version 12.00
# Visual Studio Version 17
VisualStudioVersion = 17.3.32901.215
MinimumVisualStudioVersion = 10.0.40219.1
Project("{FAE04EC0-301F-11D3-BF4B-00C04F79EFBC}") = "Exercise - Array", "Exercise - Array\Exercise - Array.csproj", "{612FA195-9D05-4FDB-B04B-C374809A5C4E}"
EndProject
Global
	GlobalSection(SolutionConfigurationPlatforms) = preSolution
		Debug|Any CPU = Debug|Any CPU
		Release|Any CPU = Release|Any CPU
	EndGlobalSection
	GlobalSection(ProjectConfigurationPlatforms) = postSolution
		{612FA195-9D05-4FDB-B04B-C374809A5C4E}.Debug|Any CPU.ActiveCfg = Debug|Any CPU
		{612FA195-9D05-4FDB-B04B-C374809A5C4E}.Debug|Any CPU.Build.0 = Debug|Any CPU
		{612FA195-9D05-4FDB-B04B-C374809A5C4E}.Release|Any CPU.ActiveCfg = Release|Any CPU
		{612FA195-9D05-4FDB-B04B-C374809A5C4E}.Release|Any CPU.Build.0 = Release|Any CPU
	EndGlobalSection
	GlobalSection(SolutionProperties) = preSolution
		HideSolutionNode = FALSE
	EndGlobalSection
	GlobalSection(ExtensibilityGlobals) = postSolution
		SolutionGuid = {5A0A8149-CBF7-4C54-B186-41FB0FB9E4BB}
	EndGlobalSection
EndGlobal
