
Microsoft Visual Studio Solution File, Format Version 12.00
# Visual Studio Version 17
VisualStudioVersion = 17.3.32901.215
MinimumVisualStudioVersion = 10.0.40219.1
Project("{FAE04EC0-301F-11D3-BF4B-00C04F79EFBC}") = "Methods6", "Methods6\Methods6.csproj", "{EA37C137-1FB3-4DE4-9C63-630B540B387C}"
EndProject
Global
	GlobalSection(SolutionConfigurationPlatforms) = preSolution
		Debug|Any CPU = Debug|Any CPU
		Release|Any CPU = Release|Any CPU
	EndGlobalSection
	GlobalSection(ProjectConfigurationPlatforms) = postSolution
		{EA37C137-1FB3-4DE4-9C63-630B540B387C}.Debug|Any CPU.ActiveCfg = Debug|Any CPU
		{EA37C137-1FB3-4DE4-9C63-630B540B387C}.Debug|Any CPU.Build.0 = Debug|Any CPU
		{EA37C137-1FB3-4DE4-9C63-630B540B387C}.Release|Any CPU.ActiveCfg = Release|Any CPU
		{EA37C137-1FB3-4DE4-9C63-630B540B387C}.Release|Any CPU.Build.0 = Release|Any CPU
	EndGlobalSection
	GlobalSection(SolutionProperties) = preSolution
		HideSolutionNode = FALSE
	EndGlobalSection
	GlobalSection(ExtensibilityGlobals) = postSolution
		SolutionGuid = {335A0BC3-7C5B-4B5D-9402-8EE9F90B01F0}
	EndGlobalSection
EndGlobal
