
Microsoft Visual Studio Solution File, Format Version 12.00
# Visual Studio Version 17
VisualStudioVersion = 17.3.32901.215
MinimumVisualStudioVersion = 10.0.40219.1
Project("{FAE04EC0-301F-11D3-BF4B-00C04F79EFBC}") = "Classes3", "Classes3\Classes3.csproj", "{6660D7D7-2F62-458A-B6EF-00A37EEA555C}"
EndProject
Global
	GlobalSection(SolutionConfigurationPlatforms) = preSolution
		Debug|Any CPU = Debug|Any CPU
		Release|Any CPU = Release|Any CPU
	EndGlobalSection
	GlobalSection(ProjectConfigurationPlatforms) = postSolution
		{6660D7D7-2F62-458A-B6EF-00A37EEA555C}.Debug|Any CPU.ActiveCfg = Debug|Any CPU
		{6660D7D7-2F62-458A-B6EF-00A37EEA555C}.Debug|Any CPU.Build.0 = Debug|Any CPU
		{6660D7D7-2F62-458A-B6EF-00A37EEA555C}.Release|Any CPU.ActiveCfg = Release|Any CPU
		{6660D7D7-2F62-458A-B6EF-00A37EEA555C}.Release|Any CPU.Build.0 = Release|Any CPU
	EndGlobalSection
	GlobalSection(SolutionProperties) = preSolution
		HideSolutionNode = FALSE
	EndGlobalSection
	GlobalSection(ExtensibilityGlobals) = postSolution
		SolutionGuid = {2A88A7DA-E463-4BCA-AEEA-2ED8E75FEB16}
	EndGlobalSection
EndGlobal
